
Microsoft Visual Studio Solution File, Format Version 12.00
# Visual Studio Version 16
VisualStudioVersion = 16.0.29318.209
MinimumVisualStudioVersion = 10.0.40219.1
Project("{FAE04EC0-301F-11D3-BF4B-00C04F79EFBC}") = "TucJonDemo", "TucJonDemo\TucJonDemo.csproj", "{269850C2-D4A8-497A-A126-CE11F445DC5F}"
EndProject
Global
	GlobalSection(SolutionConfigurationPlatforms) = preSolution
		Debug|Any CPU = Debug|Any CPU
		Release|Any CPU = Release|Any CPU
	EndGlobalSection
	GlobalSection(ProjectConfigurationPlatforms) = postSolution
		{269850C2-D4A8-497A-A126-CE11F445DC5F}.Debug|Any CPU.ActiveCfg = Debug|Any CPU
		{269850C2-D4A8-497A-A126-CE11F445DC5F}.Debug|Any CPU.Build.0 = Debug|Any CPU
		{269850C2-D4A8-497A-A126-CE11F445DC5F}.Release|Any CPU.ActiveCfg = Release|Any CPU
		{269850C2-D4A8-497A-A126-CE11F445DC5F}.Release|Any CPU.Build.0 = Release|Any CPU
	EndGlobalSection
	GlobalSection(SolutionProperties) = preSolution
		HideSolutionNode = FALSE
	EndGlobalSection
	GlobalSection(ExtensibilityGlobals) = postSolution
		SolutionGuid = {0BE3D37E-09AC-414B-820E-4298A470A674}
	EndGlobalSection
EndGlobal
